
Microsoft Visual Studio Solution File, Format Version 12.00
# Visual Studio Version 17
VisualStudioVersion = 17.6.33723.286
MinimumVisualStudioVersion = 10.0.40219.1
Project("{9A19103F-16F7-4668-BE54-9A1E7A4F7556}") = "ScreenCapture", "ScreenCapture.csproj", "{B537676D-E624-4792-877A-06980F3662B2}"
EndProject
Global
	GlobalSection(SolutionConfigurationPlatforms) = preSolution
		Debug|Any CPU = Debug|Any CPU
		Release|Any CPU = Release|Any CPU
	EndGlobalSection
	GlobalSection(ProjectConfigurationPlatforms) = postSolution
		{B537676D-E624-4792-877A-06980F3662B2}.Debug|Any CPU.ActiveCfg = Debug|Any CPU
		{B537676D-E624-4792-877A-06980F3662B2}.Debug|Any CPU.Build.0 = Debug|Any CPU
		{B537676D-E624-4792-877A-06980F3662B2}.Release|Any CPU.ActiveCfg = Release|Any CPU
		{B537676D-E624-4792-877A-06980F3662B2}.Release|Any CPU.Build.0 = Release|Any CPU
	EndGlobalSection
	GlobalSection(SolutionProperties) = preSolution
		HideSolutionNode = FALSE
	EndGlobalSection
	GlobalSection(ExtensibilityGlobals) = postSolution
		SolutionGuid = {D0A851C2-1C40-4A7E-AD78-C9414C909A7B}
	EndGlobalSection
EndGlobal
